
Microsoft Visual Studio Solution File, Format Version 12.00
# Visual Studio 15
VisualStudioVersion = 15.0.28307.572
MinimumVisualStudioVersion = 10.0.40219.1
Project("{FAE04EC0-301F-11D3-BF4B-00C04F79EFBC}") = "Agenda de contato", "Agenda de contato\Agenda de contato.csproj", "{AC76DC4C-899E-4D37-B706-E0B10C069F33}"
EndProject
Global
	GlobalSection(SolutionConfigurationPlatforms) = preSolution
		Debug|Any CPU = Debug|Any CPU
		Release|Any CPU = Release|Any CPU
	EndGlobalSection
	GlobalSection(ProjectConfigurationPlatforms) = postSolution
		{AC76DC4C-899E-4D37-B706-E0B10C069F33}.Debug|Any CPU.ActiveCfg = Debug|Any CPU
		{AC76DC4C-899E-4D37-B706-E0B10C069F33}.Debug|Any CPU.Build.0 = Debug|Any CPU
		{AC76DC4C-899E-4D37-B706-E0B10C069F33}.Release|Any CPU.ActiveCfg = Release|Any CPU
		{AC76DC4C-899E-4D37-B706-E0B10C069F33}.Release|Any CPU.Build.0 = Release|Any CPU
	EndGlobalSection
	GlobalSection(SolutionProperties) = preSolution
		HideSolutionNode = FALSE
	EndGlobalSection
	GlobalSection(ExtensibilityGlobals) = postSolution
		SolutionGuid = {B389C50C-BFAD-4EB0-A92B-F5077781FAAE}
	EndGlobalSection
EndGlobal
